
Microsoft Visual Studio Solution File, Format Version 12.00
# Visual Studio Version 16
VisualStudioVersion = 16.0.29509.3
MinimumVisualStudioVersion = 10.0.40219.1
Project("{FAE04EC0-301F-11D3-BF4B-00C04F79EFBC}") = "DatingApp.Api", "DatingApp.Api.csproj", "{BE1E7734-48F0-4CF0-87F5-1D1D1011BFFA}"
EndProject
Global
	GlobalSection(SolutionConfigurationPlatforms) = preSolution
		Debug|Any CPU = Debug|Any CPU
		Debug|ARM = Debug|ARM
		Debug|ARM64 = Debug|ARM64
		Debug|x64 = Debug|x64
		Debug|x86 = Debug|x86
		Release|Any CPU = Release|Any CPU
		Release|ARM = Release|ARM
		Release|ARM64 = Release|ARM64
		Release|x64 = Release|x64
		Release|x86 = Release|x86
	EndGlobalSection
	GlobalSection(ProjectConfigurationPlatforms) = postSolution
		{BE1E7734-48F0-4CF0-87F5-1D1D1011BFFA}.Debug|Any CPU.ActiveCfg = Debug|Any CPU
		{BE1E7734-48F0-4CF0-87F5-1D1D1011BFFA}.Debug|Any CPU.Build.0 = Debug|Any CPU
		{BE1E7734-48F0-4CF0-87F5-1D1D1011BFFA}.Debug|ARM.ActiveCfg = Debug|Any CPU
		{BE1E7734-48F0-4CF0-87F5-1D1D1011BFFA}.Debug|ARM.Build.0 = Debug|Any CPU
		{BE1E7734-48F0-4CF0-87F5-1D1D1011BFFA}.Debug|ARM64.ActiveCfg = Debug|Any CPU
		{BE1E7734-48F0-4CF0-87F5-1D1D1011BFFA}.Debug|ARM64.Build.0 = Debug|Any CPU
		{BE1E7734-48F0-4CF0-87F5-1D1D1011BFFA}.Debug|x64.ActiveCfg = Debug|Any CPU
		{BE1E7734-48F0-4CF0-87F5-1D1D1011BFFA}.Debug|x64.Build.0 = Debug|Any CPU
		{BE1E7734-48F0-4CF0-87F5-1D1D1011BFFA}.Debug|x86.ActiveCfg = Debug|Any CPU
		{BE1E7734-48F0-4CF0-87F5-1D1D1011BFFA}.Debug|x86.Build.0 = Debug|Any CPU
		{BE1E7734-48F0-4CF0-87F5-1D1D1011BFFA}.Release|Any CPU.ActiveCfg = Release|Any CPU
		{BE1E7734-48F0-4CF0-87F5-1D1D1011BFFA}.Release|Any CPU.Build.0 = Release|Any CPU
		{BE1E7734-48F0-4CF0-87F5-1D1D1011BFFA}.Release|ARM.ActiveCfg = Release|Any CPU
		{BE1E7734-48F0-4CF0-87F5-1D1D1011BFFA}.Release|ARM.Build.0 = Release|Any CPU
		{BE1E7734-48F0-4CF0-87F5-1D1D1011BFFA}.Release|ARM64.ActiveCfg = Release|Any CPU
		{BE1E7734-48F0-4CF0-87F5-1D1D1011BFFA}.Release|ARM64.Build.0 = Release|Any CPU
		{BE1E7734-48F0-4CF0-87F5-1D1D1011BFFA}.Release|x64.ActiveCfg = Release|Any CPU
		{BE1E7734-48F0-4CF0-87F5-1D1D1011BFFA}.Release|x64.Build.0 = Release|Any CPU
		{BE1E7734-48F0-4CF0-87F5-1D1D1011BFFA}.Release|x86.ActiveCfg = Release|Any CPU
		{BE1E7734-48F0-4CF0-87F5-1D1D1011BFFA}.Release|x86.Build.0 = Release|Any CPU
	EndGlobalSection
	GlobalSection(SolutionProperties) = preSolution
		HideSolutionNode = FALSE
	EndGlobalSection
	GlobalSection(ExtensibilityGlobals) = postSolution
		SolutionGuid = {12DA6AD2-A1CB-4D07-9CF5-6CED1031E1F3}
	EndGlobalSection
EndGlobal
